# This file is generated by running "yarn install" inside your project.
# Manual changes might be lost - proceed with caution!

__metadata:
  version: 10
  cacheKey: 10c0

"@discordjs/builders@npm:^1.14.1":
  version: 1.14.1
  resolution: "@discordjs/builders@npm:1.14.1"
  dependencies:
    "@discordjs/formatters": "npm:^0.6.2"
    "@discordjs/util": "npm:^1.2.0"
    "@sapphire/shapeshift": "npm:^4.0.0"
    discord-api-types: "npm:^0.38.40"
    fast-deep-equal: "npm:^3.1.3"
    ts-mixer: "npm:^6.0.4"
    tslib: "npm:^2.6.3"
  checksum: 10c0/bcabcb1877778e189e5844179035996c253c79f866279b811086c218b26615efcbda451e561cd7320567f5311501572f61f7f5704ea39cdd9f9d31fa56909b88
  languageName: node
  linkType: hard

"@discordjs/collection@npm:1.5.3":
  version: 1.5.3
  resolution: "@discordjs/collection@npm:1.5.3"
  checksum: 10c0/54338e005e9a1c6a5c91464cbcc378a5bf74410ad5b8bba1961b80d0ec8f1eb1b768ea737ad03bcb62430ea84aa5561523318b739538b334115ed775630ca42c
  languageName: node
  linkType: hard

"@discordjs/collection@npm:^2.1.0, @discordjs/collection@npm:^2.1.1":
  version: 2.1.1
  resolution: "@discordjs/collection@npm:2.1.1"
  checksum: 10c0/7bbb007271a046c981957b4a0543f6ca7e4c294a2d40987437ff06db5e92dbf35b8dc61719db2a7bc99557a58275742aa34be9f50487870a6e80acfc4fe45fa1
  languageName: node
  linkType: hard

"@discordjs/formatters@npm:^0.6.2":
  version: 0.6.2
  resolution: "@discordjs/formatters@npm:0.6.2"
  dependencies:
    discord-api-types: "npm:^0.38.33"
  checksum: 10c0/42ffa6e1d4f825bfbd023e8a3bad488a0c93db53f2cfdc361aeccb917863b2411a1e2954653710f711e9f4be215d39dfd34f6e5329302ca78c759a8f03690901
  languageName: node
  linkType: hard

"@discordjs/rest@npm:^2.5.1, @discordjs/rest@npm:^2.6.2":
  version: 2.6.3
  resolution: "@discordjs/rest@npm:2.6.3"
  dependencies:
    "@discordjs/collection": "npm:^2.1.1"
    "@discordjs/util": "npm:^1.2.0"
    "@sapphire/async-queue": "npm:^1.5.3"
    "@sapphire/snowflake": "npm:^3.5.5"
    "@vladfrangu/async_event_emitter": "npm:^2.4.6"
    discord-api-types: "npm:^0.38.50"
    magic-bytes.js: "npm:^1.13.0"
    tslib: "npm:^2.6.3"
    undici: "npm:^6.27.0"
  checksum: 10c0/565bdd66a367e49d5f6b8f6046adb8d871b4666e4c308e74d0f2c444a0b4fdcb412ed1b40e4f51dddeeb8bd3b015140de94d94852848bc943e68e33b075c8286
  languageName: node
  linkType: hard

"@discordjs/util@npm:^1.1.0, @discordjs/util@npm:^1.2.0":
  version: 1.2.0
  resolution: "@discordjs/util@npm:1.2.0"
  dependencies:
    discord-api-types: "npm:^0.38.33"
  checksum: 10c0/a58ee25a241beeb91a519f116fc89391b3a158a7e75dacdce0ffa915695b321ac2eb6ffe3ce49ce1093b0cbd7243033da86d450b9022c2faac668ca0a4d2efa0
  languageName: node
  linkType: hard

"@discordjs/ws@npm:^1.2.3":
  version: 1.2.3
  resolution: "@discordjs/ws@npm:1.2.3"
  dependencies:
    "@discordjs/collection": "npm:^2.1.0"
    "@discordjs/rest": "npm:^2.5.1"
    "@discordjs/util": "npm:^1.1.0"
    "@sapphire/async-queue": "npm:^1.5.2"
    "@types/ws": "npm:^8.5.10"
    "@vladfrangu/async_event_emitter": "npm:^2.2.4"
    discord-api-types: "npm:^0.38.1"
    tslib: "npm:^2.6.2"
    ws: "npm:^8.17.0"
  checksum: 10c0/3add9b8e24174617149b515ad3a470b64d7286023d96b85c8387b40b3aaf3975f15b121fc1b49841e85b55c519f2b6e9050d1711f34fd65f33652fdde42a4752
  languageName: node
  linkType: hard

"@isaacs/fs-minipass@npm:^4.0.0":
  version: 4.0.1
  resolution: "@isaacs/fs-minipass@npm:4.0.1"
  dependencies:
    minipass: "npm:^7.0.4"
  checksum: 10c0/c25b6dc1598790d5b55c0947a9b7d111cfa92594db5296c3b907e2f533c033666f692a3939eadac17b1c7c40d362d0b0635dc874cbfe3e70db7c2b07cc97a5d2
  languageName: node
  linkType: hard

"@sapphire/async-queue@npm:^1.5.2, @sapphire/async-queue@npm:^1.5.3":
  version: 1.5.5
  resolution: "@sapphire/async-queue@npm:1.5.5"
  checksum: 10c0/4d61cbd90513e25f60ec611cd6c85b62a85b58c227c14050bcaeb4141a472fddb1da32dea5c4769cd213b97a5b83a076af333cbbe90efb97973d9fce47ef3ef0
  languageName: node
  linkType: hard

"@sapphire/shapeshift@npm:^4.0.0":
  version: 4.0.0
  resolution: "@sapphire/shapeshift@npm:4.0.0"
  dependencies:
    fast-deep-equal: "npm:^3.1.3"
    lodash: "npm:^4.17.21"
  checksum: 10c0/2abbfd20977e800455108688e45fff7b7c6e197256c8f8a54db90025a900914908b5fa4ffcbd1eacb4c692792cbed980613aa878e09f1fd87ab5052b6a6d6bce
  languageName: node
  linkType: hard

"@sapphire/snowflake@npm:3.5.5, @sapphire/snowflake@npm:^3.5.5":
  version: 3.5.5
  resolution: "@sapphire/snowflake@npm:3.5.5"
  checksum: 10c0/ca6be43c4d90e7c5843bb6aaed59df5cae796404b6948a0fd03caa841d1fded20b64ef84a9df93325b1c4a01165956a3a4b4cb5d7387efee1611fa09488c7068
  languageName: node
  linkType: hard

"@types/node@npm:*":
  version: 26.6.2
  resolution: "@types/node@npm:26.6.2"
  dependencies:
    undici-types: "npm:~8.9.0"
  checksum: 10c0/bb411ff5863a79a28ffa4ebadf2499d44046aa114d25a7a6c78f57def118123a0a7dea99e8fe38849099e9dba2b41b8853a7a282037618559f58653c35e7c5c5
  languageName: node
  linkType: hard

"@types/ws@npm:^8.5.10":
  version: 8.18.1
  resolution: "@types/ws@npm:8.18.1"
  dependencies:
    "@types/node": "npm:*"
  checksum: 10c0/61aff1129143fcc4312f083bc9e9e168aa3026b7dd6e70796276dcfb2c8211c4292603f9c4864fae702f2ed86e4abd4d38aa421831c2fd7f856c931a481afbab
  languageName: node
  linkType: hard

"@vladfrangu/async_event_emitter@npm:^2.2.4, @vladfrangu/async_event_emitter@npm:^2.4.6":
  version: 2.4.7
  resolution: "@vladfrangu/async_event_emitter@npm:2.4.7"
  checksum: 10c0/2007c46b1ca0a51c360a6ca11879cd93c6b61e3227f1c94dfa2d4aba2919a9b778f4c956f778db45a33f9703d519236676ed0cb43b66b8fa477672fd0f5450f4
  languageName: node
  linkType: hard

"abbrev@npm:^5.0.0":
  version: 5.0.0
  resolution: "abbrev@npm:5.0.0"
  checksum: 10c0/8e88f5c798ea4562d28c5a3e9ad69e3879890bc5d695d8f2dffb8609be4c890aacc8f80ef4553fdd2c6a62d70c2ce8bc57b38074e383beb7487bdafa9ed42ea5
  languageName: node
  linkType: hard

"anymatch@npm:~3.1.2":
  version: 3.1.3
  resolution: "anymatch@npm:3.1.3"
  dependencies:
    normalize-path: "npm:^3.0.0"
    picomatch: "npm:^2.0.4"
  checksum: 10c0/57b06ae984bc32a0d22592c87384cd88fe4511b1dd7581497831c56d41939c8a001b28e7b853e1450f2bf61992dfcaa8ae2d0d161a0a90c4fb631ef07098fbac
  languageName: node
  linkType: hard

"balanced-match@npm:^4.0.2":
  version: 4.0.4
  resolution: "balanced-match@npm:4.0.4"
  checksum: 10c0/07e86102a3eb2ee2a6a1a89164f29d0dbaebd28f2ca3f5ca786f36b8b23d9e417eb3be45a4acf754f837be5ac0a2317de90d3fcb7f4f4dc95720a1f36b26a17b
  languageName: node
  linkType: hard

"binary-extensions@npm:^2.0.0":
  version: 2.3.0
  resolution: "binary-extensions@npm:2.3.0"
  checksum: 10c0/75a59cafc10fb12a11d510e77110c6c7ae3f4ca22463d52487709ca7f18f69d886aa387557cc9864fbdb10153d0bdb4caacabf11541f55e89ed6e18d12ece2b5
  languageName: node
  linkType: hard

"brace-expansion@npm:^5.0.8":
  version: 5.0.12
  resolution: "brace-expansion@npm:5.0.12"
  dependencies:
    balanced-match: "npm:^4.0.2"
  checksum: 10c0/a40ac64d3bdb5bb222456514d3633c1f627f03b844f509c69e70f98b78be0ce85e21b44bbfecdd0ddd4cc0855ca4242b41ea96ddccf88c7c3c7a84405474bb3a
  languageName: node
  linkType: hard

"braces@npm:~3.0.2":
  version: 3.0.3
  resolution: "braces@npm:3.0.3"
  dependencies:
    fill-range: "npm:^7.1.1"
  checksum: 10c0/7c6dfd30c338d2997ba77500539227b9d1f85e388a5f43220865201e407e076783d0881f2d297b9f80951b4c957fcf0b51c1d2d24227631643c3f7c284b0aa04
  languageName: node
  linkType: hard

"chokidar@npm:^3.5.2":
  version: 3.6.0
  resolution: "chokidar@npm:3.6.0"
  dependencies:
    anymatch: "npm:~3.1.2"
    braces: "npm:~3.0.2"
    fsevents: "npm:~2.3.2"
    glob-parent: "npm:~5.1.2"
    is-binary-path: "npm:~2.1.0"
    is-glob: "npm:~4.0.1"
    normalize-path: "npm:~3.0.0"
    readdirp: "npm:~3.6.0"
  dependenciesMeta:
    fsevents:
      optional: true
  checksum: 10c0/8361dcd013f2ddbe260eacb1f3cb2f2c6f2b0ad118708a343a5ed8158941a39cb8fb1d272e0f389712e74ee90ce8ba864eece9e0e62b9705cb468a2f6d917462
  languageName: node
  linkType: hard

"chownr@npm:^3.0.0":
  version: 3.0.0
  resolution: "chownr@npm:3.0.0"
  checksum: 10c0/43925b87700f7e3893296c8e9c56cc58f926411cce3a6e5898136daaf08f08b9a8eb76d37d3267e707d0dcc17aed2e2ebdf5848c0c3ce95cf910a919935c1b10
  languageName: node
  linkType: hard

"debug@npm:^4":
  version: 4.4.3
  resolution: "debug@npm:4.4.3"
  dependencies:
    ms: "npm:^2.1.3"
  peerDependenciesMeta:
    supports-color:
      optional: true
  checksum: 10c0/d79136ec6c83ecbefd0f6a5593da6a9c91ec4d7ddc4b54c883d6e71ec9accb5f67a1a5e96d00a328196b5b5c86d365e98d8a3a70856aaf16b4e7b1985e67f5a6
  languageName: node
  linkType: hard

"discord-api-types@npm:^0.38.1, discord-api-types@npm:^0.38.33, discord-api-types@npm:^0.38.40, discord-api-types@npm:^0.38.49, discord-api-types@npm:^0.38.50":
  version: 0.38.55
  resolution: "discord-api-types@npm:0.38.55"
  checksum: 10c0/a3e1e1e3f76da4087e9e4abceab943d249d6dd681c60798ff2b38df812b41af00cd86e9aa10d3e2bd2cb558e3d417ac470b3536088bb9ecb07030d9dfbb342d3
  languageName: node
  linkType: hard

"discord.js@npm:^14.27.0":
  version: 14.27.0
  resolution: "discord.js@npm:14.27.0"
  dependencies:
    "@discordjs/builders": "npm:^1.14.1"
    "@discordjs/collection": "npm:1.5.3"
    "@discordjs/formatters": "npm:^0.6.2"
    "@discordjs/rest": "npm:^2.6.2"
    "@discordjs/util": "npm:^1.2.0"
    "@discordjs/ws": "npm:^1.2.3"
    "@sapphire/snowflake": "npm:3.5.5"
    discord-api-types: "npm:^0.38.49"
    fast-deep-equal: "npm:3.1.3"
    lodash.snakecase: "npm:4.1.1"
    magic-bytes.js: "npm:^1.13.0"
    tslib: "npm:^2.6.3"
    undici: "npm:^6.27.0"
  checksum: 10c0/8579a7a0462dadf186ad77856ab3395c0d82c0ca9d2440793c1e1828c6ec552e986fee7f1299722d5e1a57aba3e663b4b9d5ccd5f988cbdaa96770d67d4597e8
  languageName: node
  linkType: hard

"dotenv@npm:^18.0.3":
  version: 18.0.3
  resolution: "dotenv@npm:18.0.3"
  bin:
    dotenv: dist/index.cjs
  checksum: 10c0/0132d3dba2022808c31d0c8191cd8567351c8a1b932f751237cfe502563b9eaab309754bd66e5965f2ccee887c3527f883e29016cb4d691df8519e7fc3d452fd
  languageName: node
  linkType: hard

"dsc-bot@workspace:.":
  version: 0.0.0-use.local
  resolution: "dsc-bot@workspace:."
  dependencies:
    discord.js: "npm:^14.27.0"
    dotenv: "npm:^18.0.3"
    nodemon: "npm:^3.1.14"
  languageName: unknown
  linkType: soft

"env-paths@npm:^2.2.0":
  version: 2.2.1
  resolution: "env-paths@npm:2.2.1"
  checksum: 10c0/285325677bf00e30845e330eec32894f5105529db97496ee3f598478e50f008c5352a41a30e5e72ec9de8a542b5a570b85699cd63bd2bc646dbcb9f311d83bc4
  languageName: node
  linkType: hard

"exponential-backoff@npm:^3.1.1":
  version: 3.1.3
  resolution: "exponential-backoff@npm:3.1.3"
  checksum: 10c0/77e3ae682b7b1f4972f563c6dbcd2b0d54ac679e62d5d32f3e5085feba20483cf28bd505543f520e287a56d4d55a28d7874299941faf637e779a1aa5994d1267
  languageName: node
  linkType: hard

"fast-deep-equal@npm:3.1.3, fast-deep-equal@npm:^3.1.3":
  version: 3.1.3
  resolution: "fast-deep-equal@npm:3.1.3"
  checksum: 10c0/40dedc862eb8992c54579c66d914635afbec43350afbbe991235fdcb4e3a8d5af1b23ae7e79bef7d4882d0ecee06c3197488026998fb19f72dc95acff1d1b1d0
  languageName: node
  linkType: hard

"fdir@npm:^6.5.0":
  version: 6.5.0
  resolution: "fdir@npm:6.5.0"
  peerDependencies:
    picomatch: ^3 || ^4
  peerDependenciesMeta:
    picomatch:
      optional: true
  checksum: 10c0/e345083c4306b3aed6cb8ec551e26c36bab5c511e99ea4576a16750ddc8d3240e63826cc624f5ae17ad4dc82e68a253213b60d556c11bfad064b7607847ed07f
  languageName: node
  linkType: hard

"fill-range@npm:^7.1.1":
  version: 7.1.1
  resolution: "fill-range@npm:7.1.1"
  dependencies:
    to-regex-range: "npm:^5.0.1"
  checksum: 10c0/b75b691bbe065472f38824f694c2f7449d7f5004aa950426a2c28f0306c60db9b880c0b0e4ed819997ffb882d1da02cfcfc819bddc94d71627f5269682edf018
  languageName: node
  linkType: hard

"fsevents@npm:~2.3.2":
  version: 2.3.3
  resolution: "fsevents@npm:2.3.3"
  dependencies:
    node-gyp: "npm:latest"
  checksum: 10c0/a1f0c44595123ed717febbc478aa952e47adfc28e2092be66b8ab1635147254ca6cfe1df792a8997f22716d4cbafc73309899ff7bfac2ac3ad8cf2e4ecc3ec60
  conditions: os=darwin
  languageName: node
  linkType: hard

"fsevents@patch:fsevents@npm%3A~2.3.2#optional!builtin<compat/fsevents>":
  version: 2.3.3
  resolution: "fsevents@patch:fsevents@npm%3A2.3.3#optional!builtin<compat/fsevents>::version=2.3.3&hash=df0bf1"
  dependencies:
    node-gyp: "npm:latest"
  conditions: os=darwin
  languageName: node
  linkType: hard

"glob-parent@npm:~5.1.2":
  version: 5.1.2
  resolution: "glob-parent@npm:5.1.2"
  dependencies:
    is-glob: "npm:^4.0.1"
  checksum: 10c0/cab87638e2112bee3f839ef5f6e0765057163d39c66be8ec1602f3823da4692297ad4e972de876ea17c44d652978638d2fd583c6713d0eb6591706825020c9ee
  languageName: node
  linkType: hard

"graceful-fs@npm:^4.2.6":
  version: 4.2.11
  resolution: "graceful-fs@npm:4.2.11"
  checksum: 10c0/386d011a553e02bc594ac2ca0bd6d9e4c22d7fa8cfbfc448a6d148c59ea881b092db9dbe3547ae4b88e55f1b01f7c4a2ecc53b310c042793e63aa44cf6c257f2
  languageName: node
  linkType: hard

"has-flag@npm:^3.0.0":
  version: 3.0.0
  resolution: "has-flag@npm:3.0.0"
  checksum: 10c0/1c6c83b14b8b1b3c25b0727b8ba3e3b647f99e9e6e13eb7322107261de07a4c1be56fc0d45678fc376e09772a3a1642ccdaf8fc69bdf123b6c086598397ce473
  languageName: node
  linkType: hard

"ignore-by-default@npm:^1.0.1":
  version: 1.0.1
  resolution: "ignore-by-default@npm:1.0.1"
  checksum: 10c0/9ab6e70e80f7cc12735def7ecb5527cfa56ab4e1152cd64d294522827f2dcf1f6d85531241537dc3713544e88dd888f65cb3c49c7b2cddb9009087c75274e533
  languageName: node
  linkType: hard

"is-binary-path@npm:~2.1.0":
  version: 2.1.0
  resolution: "is-binary-path@npm:2.1.0"
  dependencies:
    binary-extensions: "npm:^2.0.0"
  checksum: 10c0/a16eaee59ae2b315ba36fad5c5dcaf8e49c3e27318f8ab8fa3cdb8772bf559c8d1ba750a589c2ccb096113bb64497084361a25960899cb6172a6925ab6123d38
  languageName: node
  linkType: hard

"is-extglob@npm:^2.1.1":
  version: 2.1.1
  resolution: "is-extglob@npm:2.1.1"
  checksum: 10c0/5487da35691fbc339700bbb2730430b07777a3c21b9ebaecb3072512dfd7b4ba78ac2381a87e8d78d20ea08affb3f1971b4af629173a6bf435ff8a4c47747912
  languageName: node
  linkType: hard

"is-glob@npm:^4.0.1, is-glob@npm:~4.0.1":
  version: 4.0.3
  resolution: "is-glob@npm:4.0.3"
  dependencies:
    is-extglob: "npm:^2.1.1"
  checksum: 10c0/17fb4014e22be3bbecea9b2e3a76e9e34ff645466be702f1693e8f1ee1adac84710d0be0bd9f967d6354036fd51ab7c2741d954d6e91dae6bb69714de92c197a
  languageName: node
  linkType: hard

"is-number@npm:^7.0.0":
  version: 7.0.0
  resolution: "is-number@npm:7.0.0"
  checksum: 10c0/b4686d0d3053146095ccd45346461bc8e53b80aeb7671cc52a4de02dbbf7dc0d1d2a986e2fe4ae206984b4d34ef37e8b795ebc4f4295c978373e6575e295d811
  languageName: node
  linkType: hard

"isexe@npm:^4.0.0":
  version: 4.0.0
  resolution: "isexe@npm:4.0.0"
  checksum: 10c0/5884815115bceac452877659a9c7726382531592f43dc29e5d48b7c4100661aed54018cb90bd36cb2eaeba521092570769167acbb95c18d39afdccbcca06c5ce
  languageName: node
  linkType: hard

"lodash.snakecase@npm:4.1.1":
  version: 4.1.1
  resolution: "lodash.snakecase@npm:4.1.1"
  checksum: 10c0/f0b3f2497eb20eea1a1cfc22d645ecaeb78ac14593eb0a40057977606d2f35f7aaff0913a06553c783b535aafc55b718f523f9eb78f8d5293f492af41002eaf9
  languageName: node
  linkType: hard

"lodash@npm:^4.17.21":
  version: 4.18.1
  resolution: "lodash@npm:4.18.1"
  checksum: 10c0/757228fc68805c59789e82185135cf85f05d0b2d3d54631d680ca79ec21944ec8314d4533639a14b8bcfbd97a517e78960933041a5af17ecb693ec6eecb99a27
  languageName: node
  linkType: hard

"magic-bytes.js@npm:^1.13.0":
  version: 1.13.1
  resolution: "magic-bytes.js@npm:1.13.1"
  checksum: 10c0/a8ddd0347b5bd4da765c29af111e4fb596707724a488d5a068bcd9bda805523bd5dc77fcbb1ec26de89c692c4031ec9ab2cef50b4eafef5ef8a2c44326453f65
  languageName: node
  linkType: hard

"minimatch@npm:^10.2.1":
  version: 10.2.6
  resolution: "minimatch@npm:10.2.6"
  dependencies:
    brace-expansion: "npm:^5.0.8"
  checksum: 10c0/4559a836243b98bd4d17ea9f7edae698717c76399eea7be374f3737f33164e4907f19e9726891ddeb122f750a5a7fa80d2ac43e851d6e5984dc4ff42ec127d3a
  languageName: node
  linkType: hard

"minipass@npm:^7.0.4, minipass@npm:^7.1.2":
  version: 7.1.3
  resolution: "minipass@npm:7.1.3"
  checksum: 10c0/539da88daca16533211ea5a9ee98dc62ff5742f531f54640dd34429e621955e91cc280a91a776026264b7f9f6735947629f920944e9c1558369e8bf22eb33fbb
  languageName: node
  linkType: hard

"minizlib@npm:^3.1.0":
  version: 3.1.0
  resolution: "minizlib@npm:3.1.0"
  dependencies:
    minipass: "npm:^7.1.2"
  checksum: 10c0/5aad75ab0090b8266069c9aabe582c021ae53eb33c6c691054a13a45db3b4f91a7fb1bd79151e6b4e9e9a86727b522527c0a06ec7d45206b745d54cd3097bcec
  languageName: node
  linkType: hard

"ms@npm:^2.1.3":
  version: 2.1.3
  resolution: "ms@npm:2.1.3"
  checksum: 10c0/d924b57e7312b3b63ad21fc5b3dc0af5e78d61a1fc7cfb5457edaf26326bf62be5307cc87ffb6862ef1c2b33b0233cdb5d4f01c4c958cc0d660948b65a287a48
  languageName: node
  linkType: hard

"node-gyp@npm:latest":
  version: 13.0.2
  resolution: "node-gyp@npm:13.0.2"
  dependencies:
    env-paths: "npm:^2.2.0"
    exponential-backoff: "npm:^3.1.1"
    graceful-fs: "npm:^4.2.6"
    nopt: "npm:^10.0.0"
    proc-log: "npm:^7.0.0"
    semver: "npm:^7.3.5"
    tar: "npm:^7.5.4"
    tinyglobby: "npm:^0.2.12"
    undici: "npm:^8.4.1"
    which: "npm:^7.0.0"
  bin:
    node-gyp: bin/node-gyp.js
  checksum: 10c0/29d33ccf47ffeeb5e7af925550b416f698a26a72eb10975c7eb5775c1d0cecacd76d164a4aa45503d3ddcece209db65c712be00423c69381a4cd14e2e6540559
  languageName: node
  linkType: hard

"nodemon@npm:^3.1.14":
  version: 3.1.14
  resolution: "nodemon@npm:3.1.14"
  dependencies:
    chokidar: "npm:^3.5.2"
    debug: "npm:^4"
    ignore-by-default: "npm:^1.0.1"
    minimatch: "npm:^10.2.1"
    pstree.remy: "npm:^1.1.8"
    semver: "npm:^7.5.3"
    simple-update-notifier: "npm:^2.0.0"
    supports-color: "npm:^5.5.0"
    touch: "npm:^3.1.0"
    undefsafe: "npm:^2.0.5"
  bin:
    nodemon: bin/nodemon.js
  checksum: 10c0/074f2056051a148ad11cda0d6c3f905bdef93a878792385f16e1dff0c63dcf07f23ebe1ab3763dca7314d0266e12129f066070545d817a205ee050a22eff50b0
  languageName: node
  linkType: hard

"nopt@npm:^10.0.0":
  version: 10.0.1
  resolution: "nopt@npm:10.0.1"
  dependencies:
    abbrev: "npm:^5.0.0"
  bin:
    nopt: bin/nopt.js
  checksum: 10c0/980d89257f9587f3e1f77877ddbf905d6aa3b738ec33e49a4fa1a059a0dd82eb28063982b150654a7ae9de386f2ead60e56172db7d37cf56de545f7392a2a26a
  languageName: node
  linkType: hard

"normalize-path@npm:^3.0.0, normalize-path@npm:~3.0.0":
  version: 3.0.0
  resolution: "normalize-path@npm:3.0.0"
  checksum: 10c0/e008c8142bcc335b5e38cf0d63cfd39d6cf2d97480af9abdbe9a439221fd4d749763bab492a8ee708ce7a194bb00c9da6d0a115018672310850489137b3da046
  languageName: node
  linkType: hard

"picomatch@npm:^2.0.4, picomatch@npm:^2.2.1":
  version: 2.3.2
  resolution: "picomatch@npm:2.3.2"
  checksum: 10c0/a554d1709e59be97d1acb9eaedbbc700a5c03dbd4579807baed95100b00420bc729335440ef15004ae2378984e2487a7c1cebd743cfdb72b6fa9ab69223c0d61
  languageName: node
  linkType: hard

"picomatch@npm:^4.0.4":
  version: 4.0.7
  resolution: "picomatch@npm:4.0.7"
  checksum: 10c0/beb6ae02c43ae44e84883b90830196d9046b1726ead292adcf7f57945e0bb0d992d68563d87e03b484b6f3c9a5c6defda7523477f047d7f0e663f126cc01787f
  languageName: node
  linkType: hard

"proc-log@npm:^7.0.0":
  version: 7.0.0
  resolution: "proc-log@npm:7.0.0"
  checksum: 10c0/b89c2d862604f35fec795477b0c7e376feab3ba0d4f4d291c4e959567442697cf451ac557d0623c1cc38af45a78128b983410f397a10c5d3a67f76c33de4754b
  languageName: node
  linkType: hard

"pstree.remy@npm:^1.1.8":
  version: 1.1.8
  resolution: "pstree.remy@npm:1.1.8"
  checksum: 10c0/30f78c88ce6393cb3f7834216cb6e282eb83c92ccb227430d4590298ab2811bc4a4745f850a27c5178e79a8f3e316591de0fec87abc19da648c2b3c6eb766d14
  languageName: node
  linkType: hard

"readdirp@npm:~3.6.0":
  version: 3.6.0
  resolution: "readdirp@npm:3.6.0"
  dependencies:
    picomatch: "npm:^2.2.1"
  checksum: 10c0/6fa848cf63d1b82ab4e985f4cf72bd55b7dcfd8e0a376905804e48c3634b7e749170940ba77b32804d5fe93b3cc521aa95a8d7e7d725f830da6d93f3669ce66b
  languageName: node
  linkType: hard

"semver@npm:^7.3.5, semver@npm:^7.5.3":
  version: 7.8.5
  resolution: "semver@npm:7.8.5"
  bin:
    semver: bin/semver.js
  checksum: 10c0/b1f3127a5be8125a94f37188b361c212466c292c6910adce3ec106cff5dc211ccaedc4739c11bb70fda59d6fc1f040a9bca289f4e093451521a2372e5231fe0c
  languageName: node
  linkType: hard

"simple-update-notifier@npm:^2.0.0":
  version: 2.0.0
  resolution: "simple-update-notifier@npm:2.0.0"
  dependencies:
    semver: "npm:^7.5.3"
  checksum: 10c0/2a00bd03bfbcbf8a737c47ab230d7920f8bfb92d1159d421bdd194479f6d01ebc995d13fbe13d45dace23066a78a3dc6642999b4e3b38b847e6664191575b20c
  languageName: node
  linkType: hard

"supports-color@npm:^5.5.0":
  version: 5.5.0
  resolution: "supports-color@npm:5.5.0"
  dependencies:
    has-flag: "npm:^3.0.0"
  checksum: 10c0/6ae5ff319bfbb021f8a86da8ea1f8db52fac8bd4d499492e30ec17095b58af11f0c55f8577390a749b1c4dde691b6a0315dab78f5f54c9b3d83f8fb5905c1c05
  languageName: node
  linkType: hard

"tar@npm:^7.5.4":
  version: 7.5.22
  resolution: "tar@npm:7.5.22"
  dependencies:
    "@isaacs/fs-minipass": "npm:^4.0.0"
    chownr: "npm:^3.0.0"
    minipass: "npm:^7.1.2"
    minizlib: "npm:^3.1.0"
    yallist: "npm:^5.0.0"
  checksum: 10c0/1311f6be85a8157ac4c9147bae43e13923d2a1aae15e4aa1bd5239e4e03d2cf53cfe103dde7f35832fbb4c938b042856bc8e9a0afd29abd05e2d1608788c4fea
  languageName: node
  linkType: hard

"tinyglobby@npm:^0.2.12":
  version: 0.2.17
  resolution: "tinyglobby@npm:0.2.17"
  dependencies:
    fdir: "npm:^6.5.0"
    picomatch: "npm:^4.0.4"
  checksum: 10c0/7f7bb0f197c88bc4b20c231e0deca4240ca3bf313a88f5a7fee93a872b84966a4d50220947c0455ad07a60b3b360961c5b7fd979222aeb716a9f99b412002e4c
  languageName: node
  linkType: hard

"to-regex-range@npm:^5.0.1":
  version: 5.0.1
  resolution: "to-regex-range@npm:5.0.1"
  dependencies:
    is-number: "npm:^7.0.0"
  checksum: 10c0/487988b0a19c654ff3e1961b87f471702e708fa8a8dd02a298ef16da7206692e8552a0250e8b3e8759270f62e9d8314616f6da274734d3b558b1fc7b7724e892
  languageName: node
  linkType: hard

"touch@npm:^3.1.0":
  version: 3.1.1
  resolution: "touch@npm:3.1.1"
  bin:
    nodetouch: bin/nodetouch.js
  checksum: 10c0/d2e4d269a42c846a22a29065b9af0b263de58effc85a1764bb7a2e8fc4b47700e9e2fcbd7eb1f5bffbb7c73d860f93600cef282b93ddac8f0b62321cb498b36e
  languageName: node
  linkType: hard

"ts-mixer@npm:^6.0.4":
  version: 6.0.4
  resolution: "ts-mixer@npm:6.0.4"
  checksum: 10c0/4c442fc99cdffd4a3f0ce55c624fb703f4ded5cab6912f97705489565c4a74d3e4213f10c33499ec5150900a628d38537a9a6a9e35b5045b65129a84b4db21ae
  languageName: node
  linkType: hard

"tslib@npm:^2.6.2, tslib@npm:^2.6.3":
  version: 2.8.1
  resolution: "tslib@npm:2.8.1"
  checksum: 10c0/9c4759110a19c53f992d9aae23aac5ced636e99887b51b9e61def52611732872ff7668757d4e4c61f19691e36f4da981cd9485e869b4a7408d689f6bf1f14e62
  languageName: node
  linkType: hard

"undefsafe@npm:^2.0.5":
  version: 2.0.5
  resolution: "undefsafe@npm:2.0.5"
  checksum: 10c0/96c0466a5fbf395917974a921d5d4eee67bca4b30d3a31ce7e621e0228c479cf893e783a109af6e14329b52fe2f0cb4108665fad2b87b0018c0df6ac771261d5
  languageName: node
  linkType: hard

"undici-types@npm:~8.9.0":
  version: 8.9.0
  resolution: "undici-types@npm:8.9.0"
  checksum: 10c0/51c712c20c087368f62c6fc0f2bc49fa76bfe5dec28ff01584bb677ff29b0622569783c02d43e151143808c48c0503f804093bd2c491b10f2a830138034cb451
  languageName: node
  linkType: hard

"undici@npm:^6.27.0":
  version: 6.28.1
  resolution: "undici@npm:6.28.1"
  checksum: 10c0/9c7c277da83972f4f506d564b1d627e3e78aadf866915eab768d96fc70daeae8ff7d87d0cdb32403ae1afdf3aef0f11715e0847d66910fda62822c33c5a7e674
  languageName: node
  linkType: hard

"undici@npm:^8.4.1":
  version: 8.11.0
  resolution: "undici@npm:8.11.0"
  checksum: 10c0/a6a0d8da384d88dc9780fdb03f099d17fc06d1085854214c4e8ab5c69c4731778c5207fa62b54170327afa21e0d412665bd4e40683122bcbcbf9075801c75cb3
  languageName: node
  linkType: hard

"which@npm:^7.0.0":
  version: 7.0.0
  resolution: "which@npm:7.0.0"
  dependencies:
    isexe: "npm:^4.0.0"
  bin:
    node-which: bin/which.js
  checksum: 10c0/ca0b54f198f78bbc4b7c02e34bda8d335cb352e0adb4cbca1c37b1a957af3a879a82c4c27ca6525bc942f548d8b64f816ef6528360af9f3de55ffb9b979b620d
  languageName: node
  linkType: hard

"ws@npm:^8.17.0":
  version: 8.21.3
  resolution: "ws@npm:8.21.3"
  peerDependencies:
    bufferutil: ^4.0.1
    utf-8-validate: ">=5.0.2"
  peerDependenciesMeta:
    bufferutil:
      optional: true
    utf-8-validate:
      optional: true
  checksum: 10c0/7b28dc2863ea0e2cece68d142a3eee90361021b73f750431e6d8076bb7dede5fdfdb75b3d29534b62f411261147b76b1bc80fb5cc63ab0aabd467280e85b22e0
  languageName: node
  linkType: hard

"yallist@npm:^5.0.0":
  version: 5.0.0
  resolution: "yallist@npm:5.0.0"
  checksum: 10c0/a499c81ce6d4a1d260d4ea0f6d49ab4da09681e32c3f0472dee16667ed69d01dae63a3b81745a24bd78476ec4fcf856114cb4896ace738e01da34b2c42235416
  languageName: node
  linkType: hard
