# This file is generated by running "yarn install" inside your project.
# Manual changes might be lost - proceed with caution!

__metadata:
  version: 8
  cacheKey: 10c0

"@discordjs/builders@npm:^1.6.5":
  version: 1.6.5
  resolution: "@discordjs/builders@npm:1.6.5"
  dependencies:
    "@discordjs/formatters": "npm:^0.3.2"
    "@discordjs/util": "npm:^1.0.1"
    "@sapphire/shapeshift": "npm:^3.9.2"
    discord-api-types: "npm:0.37.50"
    fast-deep-equal: "npm:^3.1.3"
    ts-mixer: "npm:^6.0.3"
    tslib: "npm:^2.6.1"
  checksum: 5280541a786cdb5210e4410a69dae698159061113443bf7a673dc125239a1c012b35ae5350b16ca2daee61bb3fc15f8678fb4536ce67be515970441e1c5dd378
  languageName: node
  linkType: hard

"@discordjs/collection@npm:^1.5.3":
  version: 1.5.3
  resolution: "@discordjs/collection@npm:1.5.3"
  checksum: 54338e005e9a1c6a5c91464cbcc378a5bf74410ad5b8bba1961b80d0ec8f1eb1b768ea737ad03bcb62430ea84aa5561523318b739538b334115ed775630ca42c
  languageName: node
  linkType: hard

"@discordjs/formatters@npm:^0.3.2":
  version: 0.3.2
  resolution: "@discordjs/formatters@npm:0.3.2"
  dependencies:
    discord-api-types: "npm:0.37.50"
  checksum: 933cbaa964bdbbef5dfd7099ed029a333139af44d6c91b601a44cd50537f64498224a4ad4025c7db6e529c93851fd35bc0a91c514524bb498f85c44c582ec0bd
  languageName: node
  linkType: hard

"@discordjs/rest@npm:^2.0.1":
  version: 2.0.1
  resolution: "@discordjs/rest@npm:2.0.1"
  dependencies:
    "@discordjs/collection": "npm:^1.5.3"
    "@discordjs/util": "npm:^1.0.1"
    "@sapphire/async-queue": "npm:^1.5.0"
    "@sapphire/snowflake": "npm:^3.5.1"
    "@vladfrangu/async_event_emitter": "npm:^2.2.2"
    discord-api-types: "npm:0.37.50"
    magic-bytes.js: "npm:^1.0.15"
    tslib: "npm:^2.6.1"
    undici: "npm:5.22.1"
  checksum: ef2958ae7bd565cd6972019b93544c439b07a082fad18421ec63d5c3f4db50b9ae5c6ef3922bafb6e3098c9b083687310f38226664448250dc271ed27cc4d9a2
  languageName: node
  linkType: hard

"@discordjs/util@npm:^1.0.1":
  version: 1.0.1
  resolution: "@discordjs/util@npm:1.0.1"
  checksum: 9567f65635fa7fb14f5c86a109c7bbb0ff481379d88e022475fc5a66b9e816aa91ecf7eb1a7a3d2771aab3f02e1bfc35928297e911d7a38dda8445ed4a713a82
  languageName: node
  linkType: hard

"@discordjs/ws@npm:^1.0.1":
  version: 1.0.1
  resolution: "@discordjs/ws@npm:1.0.1"
  dependencies:
    "@discordjs/collection": "npm:^1.5.3"
    "@discordjs/rest": "npm:^2.0.1"
    "@discordjs/util": "npm:^1.0.1"
    "@sapphire/async-queue": "npm:^1.5.0"
    "@types/ws": "npm:^8.5.5"
    "@vladfrangu/async_event_emitter": "npm:^2.2.2"
    discord-api-types: "npm:0.37.50"
    tslib: "npm:^2.6.1"
    ws: "npm:^8.13.0"
  checksum: 38f94205275f3c3578b65d7e32c27874bd8a2991c7a2aa1f94588e6be3c3d3e2fae6ffd07f18d14d41f9f7f2bf769b3788c78473da246bac8bf5e2b9946d6a9d
  languageName: node
  linkType: hard

"@sapphire/async-queue@npm:^1.5.0":
  version: 1.5.0
  resolution: "@sapphire/async-queue@npm:1.5.0"
  checksum: 9c3e485c774316aa131203d1cc5a23ce07409053f47c85841b3a72bd0ce644d2242fa850647fb1f72f1c7b07ae075f3bdcb8ea040977b789937417110f4aa18d
  languageName: node
  linkType: hard

"@sapphire/shapeshift@npm:^3.9.2":
  version: 3.9.3
  resolution: "@sapphire/shapeshift@npm:3.9.3"
  dependencies:
    fast-deep-equal: "npm:^3.1.3"
    lodash: "npm:^4.17.21"
  checksum: 6d096ca3a3abac5bfbc38e51da3c4bb1d0bdb81cf2f5e4ab6fae3621d73f3cdbb1acf337b932296d84b780814f90c6a6d8553d533883197c15d9673e845cfeda
  languageName: node
  linkType: hard

"@sapphire/snowflake@npm:^3.5.1":
  version: 3.5.1
  resolution: "@sapphire/snowflake@npm:3.5.1"
  checksum: f0e7729dcb50b6c3c2b949cecd7818a7ba0cc59adbcede7d40322ff6e576866e8ea76ce0e2dc89f8445836f5d80af8d2c7bebc2c0352624455abfa03834416f6
  languageName: node
  linkType: hard

"@types/node@npm:*":
  version: 20.8.10
  resolution: "@types/node@npm:20.8.10"
  dependencies:
    undici-types: "npm:~5.26.4"
  checksum: caaa3ae9294f1bfdacb029a916c64af63cbcea613a52f53ea86f93c91779859af177b2b68113ef835194519f5e76cadda08559929b68297f1a8a568c207f9f66
  languageName: node
  linkType: hard

"@types/ws@npm:^8.5.5":
  version: 8.5.8
  resolution: "@types/ws@npm:8.5.8"
  dependencies:
    "@types/node": "npm:*"
  checksum: a5b4a2b95acf1f3790add5fe1b72388628bf0e7643f29f265483b3dec506ab7d9decae74174fbaa0d43984f32c697ca8797959a1a560e8c9d54204295b1f7ff5
  languageName: node
  linkType: hard

"@vladfrangu/async_event_emitter@npm:^2.2.2":
  version: 2.2.2
  resolution: "@vladfrangu/async_event_emitter@npm:2.2.2"
  checksum: 68e559b16d4e45ee0cc0ea35e72db86b399902e2ecb2d85c987b6767553bba34e50f83c16854c95da79c2fa780ac7fe7e712f96d22919048f5287c9e84cff319
  languageName: node
  linkType: hard

"busboy@npm:^1.6.0":
  version: 1.6.0
  resolution: "busboy@npm:1.6.0"
  dependencies:
    streamsearch: "npm:^1.1.0"
  checksum: fa7e836a2b82699b6e074393428b91ae579d4f9e21f5ac468e1b459a244341d722d2d22d10920cdd849743dbece6dca11d72de939fb75a7448825cf2babfba1f
  languageName: node
  linkType: hard

"discord-api-types@npm:0.37.50":
  version: 0.37.50
  resolution: "discord-api-types@npm:0.37.50"
  checksum: d21276fd6b49c50d1ec7ae55e980193d90c7994a1ede65eb38324bdbb4409abbfaf0ead2282ef70438a840727cd2b30dc745d79ea141ff4f0015c55edf14d200
  languageName: node
  linkType: hard

"discord.js@npm:^14.13.0":
  version: 14.13.0
  resolution: "discord.js@npm:14.13.0"
  dependencies:
    "@discordjs/builders": "npm:^1.6.5"
    "@discordjs/collection": "npm:^1.5.3"
    "@discordjs/formatters": "npm:^0.3.2"
    "@discordjs/rest": "npm:^2.0.1"
    "@discordjs/util": "npm:^1.0.1"
    "@discordjs/ws": "npm:^1.0.1"
    "@sapphire/snowflake": "npm:^3.5.1"
    "@types/ws": "npm:^8.5.5"
    discord-api-types: "npm:0.37.50"
    fast-deep-equal: "npm:^3.1.3"
    lodash.snakecase: "npm:^4.1.1"
    tslib: "npm:^2.6.1"
    undici: "npm:5.22.1"
    ws: "npm:^8.13.0"
  checksum: f0c09d45c547f312e7ab0868a0cbf4049996868eb04e9335c9dd6b2a754557c40a24a790e33bdb53ad9a8765d8ecc86229e794c5022befe711f526cd601811c0
  languageName: node
  linkType: hard

"dotenv@npm:^16.3.1":
  version: 16.3.1
  resolution: "dotenv@npm:16.3.1"
  checksum: b95ff1bbe624ead85a3cd70dbd827e8e06d5f05f716f2d0cbc476532d54c7c9469c3bc4dd93ea519f6ad711cb522c00ac9a62b6eb340d5affae8008facc3fbd7
  languageName: node
  linkType: hard

"dsc-bot@workspace:.":
  version: 0.0.0-use.local
  resolution: "dsc-bot@workspace:."
  dependencies:
    discord.js: "npm:^14.13.0"
    dotenv: "npm:^16.3.1"
  languageName: unknown
  linkType: soft

"fast-deep-equal@npm:^3.1.3":
  version: 3.1.3
  resolution: "fast-deep-equal@npm:3.1.3"
  checksum: 40dedc862eb8992c54579c66d914635afbec43350afbbe991235fdcb4e3a8d5af1b23ae7e79bef7d4882d0ecee06c3197488026998fb19f72dc95acff1d1b1d0
  languageName: node
  linkType: hard

"lodash.snakecase@npm:^4.1.1":
  version: 4.1.1
  resolution: "lodash.snakecase@npm:4.1.1"
  checksum: f0b3f2497eb20eea1a1cfc22d645ecaeb78ac14593eb0a40057977606d2f35f7aaff0913a06553c783b535aafc55b718f523f9eb78f8d5293f492af41002eaf9
  languageName: node
  linkType: hard

"lodash@npm:^4.17.21":
  version: 4.17.21
  resolution: "lodash@npm:4.17.21"
  checksum: d8cbea072bb08655bb4c989da418994b073a608dffa608b09ac04b43a791b12aeae7cd7ad919aa4c925f33b48490b5cfe6c1f71d827956071dae2e7bb3a6b74c
  languageName: node
  linkType: hard

"magic-bytes.js@npm:^1.0.15":
  version: 1.5.0
  resolution: "magic-bytes.js@npm:1.5.0"
  checksum: b5b1edd6316ee67e0a7c9e3bdce62ba070f5da4c534eb2d1e37a2aef1dde2e856f6bdc3335b4ebbc72d3b75f150481cad3662422c775e8fcf087543d1a9f4d40
  languageName: node
  linkType: hard

"streamsearch@npm:^1.1.0":
  version: 1.1.0
  resolution: "streamsearch@npm:1.1.0"
  checksum: fbd9aecc2621364384d157f7e59426f4bfd385e8b424b5aaa79c83a6f5a1c8fd2e4e3289e95de1eb3511cb96bb333d6281a9919fafce760e4edb35b2cd2facab
  languageName: node
  linkType: hard

"ts-mixer@npm:^6.0.3":
  version: 6.0.3
  resolution: "ts-mixer@npm:6.0.3"
  checksum: 9e459c5d91f42039e9bafd4056e61d63ba82306381074c6b42f07bdac3014e5f2fdebb02cd9bd171547f2952210a9e3d3f05b5e6e121a8e185438a3a1a46f234
  languageName: node
  linkType: hard

"tslib@npm:^2.6.1":
  version: 2.6.2
  resolution: "tslib@npm:2.6.2"
  checksum: e03a8a4271152c8b26604ed45535954c0a45296e32445b4b87f8a5abdb2421f40b59b4ca437c4346af0f28179780d604094eb64546bee2019d903d01c6c19bdb
  languageName: node
  linkType: hard

"undici-types@npm:~5.26.4":
  version: 5.26.5
  resolution: "undici-types@npm:5.26.5"
  checksum: bb673d7876c2d411b6eb6c560e0c571eef4a01c1c19925175d16e3a30c4c428181fb8d7ae802a261f283e4166a0ac435e2f505743aa9e45d893f9a3df017b501
  languageName: node
  linkType: hard

"undici@npm:5.22.1":
  version: 5.22.1
  resolution: "undici@npm:5.22.1"
  dependencies:
    busboy: "npm:^1.6.0"
  checksum: 50479d28a9a5de4faae410cc73523823d339a7d016b77bfe89d3cdf78fe5441950f30958c9cfb6e2acd8fb4f914308597c75bd0c15e74143212f67e2ef020477
  languageName: node
  linkType: hard

"ws@npm:^8.13.0":
  version: 8.14.2
  resolution: "ws@npm:8.14.2"
  peerDependencies:
    bufferutil: ^4.0.1
    utf-8-validate: ">=5.0.2"
  peerDependenciesMeta:
    bufferutil:
      optional: true
    utf-8-validate:
      optional: true
  checksum: 35b4c2da048b8015c797fd14bcb5a5766216ce65c8a5965616a5440ca7b6c3681ee3cbd0ea0c184a59975556e9d58f2002abf8485a14d11d3371770811050a16
  languageName: node
  linkType: hard
